{
  "version": 4,
  "terraform_version": "0.13.5",
  "serial": 26,
  "lineage": "921d3d00-e22c-53b0-0d37-665954a60362",
  "outputs": {
    "alb_arn": {
      "value": [
        "arn:aws:elasticloadbalancing:us-east-2:259760847234:loadbalancer/app/ecs-test-200550-bstest3/18993b83c76ad106"
      ],
      "type": [
        "tuple",
        [
          "string"
        ]
      ]
    },
    "alb_dns_name": {
      "value": [
        "ecs-test-200550-bstest3-1252815827.us-east-2.elb.amazonaws.com"
      ],
      "type": [
        "tuple",
        [
          "string"
        ]
      ]
    },
    "aws_ecs_task_definition_arn": {
      "value": [
        "arn:aws:ecs:us-east-2:259760847234:task-definition/test-200550-bstest3:1"
      ],
      "type": [
        "tuple",
        [
          "string"
        ]
      ]
    },
    "ecs_service_arn": {
      "value": "arn:aws:ecs:us-east-2:259760847234:service/grafana-sandbox-ecs/test-200550-bstest3",
      "type": "string"
    },
    "ecs_service_name": {
      "value": "test-200550-bstest3",
      "type": "string"
    },
    "ecs_task_execution_iam_role_arn": {
      "value": "arn:aws:iam::259760847234:role/QL/ECS/role-test-200550-bstest3-taskexecution-us-east-2",
      "type": "string"
    },
    "ecs_task_execution_iam_role_name": {
      "value": "role-test-200550-bstest3-taskexecution-us-east-2",
      "type": "string"
    },
    "ecs_task_iam_role_arn": {
      "value": "arn:aws:iam::259760847234:role/QL/ECS/role-test-200550-bstest3-us-east-2",
      "type": "string"
    },
    "ecs_task_iam_role_name": {
      "value": "role-test-200550-bstest3-us-east-2",
      "type": "string"
    },
    "ecs_task_name": {
      "value": "test-200550-bstest3",
      "type": "string"
    },
    "green_lb_target_group_arn": {
      "value": [],
      "type": [
        "tuple",
        []
      ]
    },
    "kraken_secret_name": {
      "value": "/test/200550/*",
      "type": "string"
    },
    "lb_target_group_arn": {
      "value": [
        "arn:aws:elasticloadbalancing:us-east-2:259760847234:targetgroup/ecs-20210115154813865600000004/d6837767b81bb1c3"
      ],
      "type": [
        "tuple",
        [
          "string"
        ]
      ]
    },
    "multi_region_service_discovery_hostname": {
      "value": [],
      "type": [
        "tuple",
        []
      ]
    },
    "repository_url": {
      "value": "259760847234.dkr.ecr.us-east-2.amazonaws.com/test-200550-bstest3",
      "type": "string"
    }
  },
  "resources": [
    {
      "mode": "data",
      "type": "aws_caller_identity",
      "name": "current",
      "provider": "provider[\"registry.terraform.io/hashicorp/aws\"]",
      "instances": [
        {
          "schema_version": 0,
          "attributes": {
            "account_id": "259760847234",
            "arn": "arn:aws:iam::259760847234:user/user-sandbox-207678-backstage",
            "id": "2021-01-15 15:46:08.483476988 +0000 UTC",
            "user_id": "AIDATY6XT7GBDIDLUPSBQ"
          }
        }
      ]
    },
    {
      "mode": "data",
      "type": "aws_ecs_cluster",
      "name": "chosen",
      "provider": "provider[\"registry.terraform.io/hashicorp/aws\"]",
      "instances": [
        {
          "index_key": 0,
          "schema_version": 0,
          "attributes": {
            "arn": "arn:aws:ecs:us-east-2:259760847234:cluster/grafana-sandbox-ecs",
            "cluster_name": "grafana-sandbox-ecs",
            "id": "arn:aws:ecs:us-east-2:259760847234:cluster/grafana-sandbox-ecs",
            "pending_tasks_count": 0,
            "registered_container_instances_count": 0,
            "running_tasks_count": 7,
            "setting": [
              {
                "name": "containerInsights",
                "value": "disabled"
              }
            ],
            "status": "ACTIVE"
          }
        }
      ]
    },
    {
      "mode": "data",
      "type": "aws_iam_policy",
      "name": "AmazonEC2ContainerRegistryReadOnly",
      "provider": "provider[\"registry.terraform.io/hashicorp/aws\"]",
      "instances": [
        {
          "schema_version": 0,
          "attributes": {
            "arn": "arn:aws:iam::aws:policy/AmazonEC2ContainerRegistryReadOnly",
            "description": "Provides read-only access to Amazon EC2 Container Registry repositories.",
            "id": "arn:aws:iam::aws:policy/AmazonEC2ContainerRegistryReadOnly",
            "name": "AmazonEC2ContainerRegistryReadOnly",
            "path": "/",
            "policy": "{\n\t\"Version\": \"2012-10-17\",\n\t\"Statement\": [{\n\t\t\"Effect\": \"Allow\",\n\t\t\"Action\": [\n\t\t\t\"ecr:GetAuthorizationToken\",\n\t\t\t\"ecr:BatchCheckLayerAvailability\",\n\t\t\t\"ecr:GetDownloadUrlForLayer\",\n\t\t\t\"ecr:GetRepositoryPolicy\",\n\t\t\t\"ecr:DescribeRepositories\",\n\t\t\t\"ecr:ListImages\",\n\t\t\t\"ecr:DescribeImages\",\n\t\t\t\"ecr:BatchGetImage\",\n\t\t\t\"ecr:GetLifecyclePolicy\",\n\t\t\t\"ecr:GetLifecyclePolicyPreview\",\n\t\t\t\"ecr:ListTagsForResource\",\n\t\t\t\"ecr:DescribeImageScanFindings\"\n\t\t],\n\t\t\"Resource\": \"*\"\n\t}]\n}\n"
          }
        }
      ]
    },
    {
      "mode": "data",
      "type": "aws_iam_policy_document",
      "name": "ecs_task",
      "provider": "provider[\"registry.terraform.io/hashicorp/aws\"]",
      "instances": [
        {
          "schema_version": 0,
          "attributes": {
            "id": "320642683",
            "json": "{\n  \"Version\": \"2012-10-17\",\n  \"Statement\": [\n    {\n      \"Sid\": \"\",\n      \"Effect\": \"Allow\",\n      \"Action\": \"sts:AssumeRole\",\n      \"Principal\": {\n        \"Service\": \"ecs-tasks.amazonaws.com\"\n      }\n    }\n  ]\n}",
            "override_json": null,
            "policy_id": null,
            "source_json": null,
            "statement": [
              {
                "actions": [
                  "sts:AssumeRole"
                ],
                "condition": [],
                "effect": "Allow",
                "not_actions": [],
                "not_principals": [],
                "not_resources": [],
                "principals": [
                  {
                    "identifiers": [
                      "ecs-tasks.amazonaws.com"
                    ],
                    "type": "Service"
                  }
                ],
                "resources": [],
                "sid": ""
              }
            ],
            "version": "2012-10-17"
          }
        }
      ]
    },
    {
      "mode": "data",
      "type": "aws_iam_policy_document",
      "name": "ssm_policy",
      "provider": "provider[\"registry.terraform.io/hashicorp/aws\"]",
      "instances": [
        {
          "index_key": 0,
          "schema_version": 0,
          "attributes": {
            "id": "4052714084",
            "json": "{\n  \"Version\": \"2012-10-17\",\n  \"Statement\": [\n    {\n      \"Sid\": \"\",\n      \"Effect\": \"Allow\",\n      \"Action\": \"ssm:GetParameter*\",\n      \"Resource\": \"arn:aws:ssm:us-east-2:259760847234:parameter/kraken/test-aws/200550/*\"\n    },\n    {\n      \"Sid\": \"\",\n      \"Effect\": \"Allow\",\n      \"Action\": \"kms:Decrypt\",\n      \"Resource\": [\n        \"arn:aws:kms:us-east-2:259760847234:key/alias/aws/ssm\",\n        \"arn:aws:kms:us-east-2:259760847234:key/05f576d9-afc3-41d3-bd5f-27bd827eacef\"\n      ]\n    },\n    {\n      \"Sid\": \"\",\n      \"Effect\": \"Allow\",\n      \"Action\": [\n        \"kms:ListKeys\",\n        \"kms:DescribeCustomKeyStores\"\n      ],\n      \"Resource\": \"*\"\n    }\n  ]\n}",
            "override_json": null,
            "policy_id": null,
            "source_json": null,
            "statement": [
              {
                "actions": [
                  "ssm:GetParameter*"
                ],
                "condition": [],
                "effect": "Allow",
                "not_actions": [],
                "not_principals": [],
                "not_resources": [],
                "principals": [],
                "resources": [
                  "arn:aws:ssm:us-east-2:259760847234:parameter/kraken/test-aws/200550/*"
                ],
                "sid": ""
              },
              {
                "actions": [
                  "kms:Decrypt"
                ],
                "condition": [],
                "effect": "Allow",
                "not_actions": [],
                "not_principals": [],
                "not_resources": [],
                "principals": [],
                "resources": [
                  "arn:aws:kms:us-east-2:259760847234:key/05f576d9-afc3-41d3-bd5f-27bd827eacef",
                  "arn:aws:kms:us-east-2:259760847234:key/alias/aws/ssm"
                ],
                "sid": ""
              },
              {
                "actions": [
                  "kms:DescribeCustomKeyStores",
                  "kms:ListKeys"
                ],
                "condition": [],
                "effect": "Allow",
                "not_actions": [],
                "not_principals": [],
                "not_resources": [],
                "principals": [],
                "resources": [
                  "*"
                ],
                "sid": ""
              }
            ],
            "version": "2012-10-17"
          }
        }
      ]
    },
    {
      "mode": "data",
      "type": "aws_iam_policy_document",
      "name": "task_execution_cloudwatch_policy",
      "provider": "provider[\"registry.terraform.io/hashicorp/aws\"]",
      "instances": [
        {
          "schema_version": 0,
          "attributes": {
            "id": "825215183",
            "json": "{\n  \"Version\": \"2012-10-17\",\n  \"Statement\": [\n    {\n      \"Sid\": \"\",\n      \"Effect\": \"Allow\",\n      \"Action\": [\n        \"logs:PutLogEvents\",\n        \"logs:CreateLogStream\"\n      ],\n      \"Resource\": \"arn:aws:logs:us-east-2:259760847234:log-group:test-200550-bstest3:*\"\n    }\n  ]\n}",
            "override_json": null,
            "policy_id": null,
            "source_json": null,
            "statement": [
              {
                "actions": [
                  "logs:CreateLogStream",
                  "logs:PutLogEvents"
                ],
                "condition": [],
                "effect": "Allow",
                "not_actions": [],
                "not_principals": [],
                "not_resources": [],
                "principals": [],
                "resources": [
                  "arn:aws:logs:us-east-2:259760847234:log-group:test-200550-bstest3:*"
                ],
                "sid": ""
              }
            ],
            "version": "2012-10-17"
          }
        }
      ]
    },
    {
      "mode": "data",
      "type": "aws_iam_policy_document",
      "name": "task_execution_ssm_policy",
      "provider": "provider[\"registry.terraform.io/hashicorp/aws\"]",
      "instances": [
        {
          "index_key": 0,
          "schema_version": 0,
          "attributes": {
            "id": "4052714084",
            "json": "{\n  \"Version\": \"2012-10-17\",\n  \"Statement\": [\n    {\n      \"Sid\": \"\",\n      \"Effect\": \"Allow\",\n      \"Action\": \"ssm:GetParameter*\",\n      \"Resource\": \"arn:aws:ssm:us-east-2:259760847234:parameter/kraken/test-aws/200550/*\"\n    },\n    {\n      \"Sid\": \"\",\n      \"Effect\": \"Allow\",\n      \"Action\": \"kms:Decrypt\",\n      \"Resource\": [\n        \"arn:aws:kms:us-east-2:259760847234:key/alias/aws/ssm\",\n        \"arn:aws:kms:us-east-2:259760847234:key/05f576d9-afc3-41d3-bd5f-27bd827eacef\"\n      ]\n    },\n    {\n      \"Sid\": \"\",\n      \"Effect\": \"Allow\",\n      \"Action\": [\n        \"kms:ListKeys\",\n        \"kms:DescribeCustomKeyStores\"\n      ],\n      \"Resource\": \"*\"\n    }\n  ]\n}",
            "override_json": null,
            "policy_id": null,
            "source_json": null,
            "statement": [
              {
                "actions": [
                  "ssm:GetParameter*"
                ],
                "condition": [],
                "effect": "Allow",
                "not_actions": [],
                "not_principals": [],
                "not_resources": [],
                "principals": [],
                "resources": [
                  "arn:aws:ssm:us-east-2:259760847234:parameter/kraken/test-aws/200550/*"
                ],
                "sid": ""
              },
              {
                "actions": [
                  "kms:Decrypt"
                ],
                "condition": [],
                "effect": "Allow",
                "not_actions": [],
                "not_principals": [],
                "not_resources": [],
                "principals": [],
                "resources": [
                  "arn:aws:kms:us-east-2:259760847234:key/05f576d9-afc3-41d3-bd5f-27bd827eacef",
                  "arn:aws:kms:us-east-2:259760847234:key/alias/aws/ssm"
                ],
                "sid": ""
              },
              {
                "actions": [
                  "kms:DescribeCustomKeyStores",
                  "kms:ListKeys"
                ],
                "condition": [],
                "effect": "Allow",
                "not_actions": [],
                "not_principals": [],
                "not_resources": [],
                "principals": [],
                "resources": [
                  "*"
                ],
                "sid": ""
              }
            ],
            "version": "2012-10-17"
          }
        }
      ]
    },
    {
      "mode": "data",
      "type": "aws_kms_key",
      "name": "default_ssm_key",
      "provider": "provider[\"registry.terraform.io/hashicorp/aws\"]",
      "instances": [
        {
          "index_key": 0,
          "schema_version": 0,
          "attributes": {
            "arn": "arn:aws:kms:us-east-2:259760847234:key/05f576d9-afc3-41d3-bd5f-27bd827eacef",
            "aws_account_id": "259760847234",
            "creation_date": "2020-06-10T12:54:27Z",
            "customer_master_key_spec": "SYMMETRIC_DEFAULT",
            "deletion_date": null,
            "description": "Default master key that protects my SSM parameters when no other key is defined",
            "enabled": true,
            "expiration_model": "",
            "grant_tokens": null,
            "id": "05f576d9-afc3-41d3-bd5f-27bd827eacef",
            "key_id": "alias/aws/ssm",
            "key_manager": "AWS",
            "key_state": "Enabled",
            "key_usage": "ENCRYPT_DECRYPT",
            "origin": "AWS_KMS",
            "valid_to": null
          }
        }
      ]
    },
    {
      "mode": "managed",
      "type": "aws_alb",
      "name": "alb_loadbalancer",
      "provider": "provider[\"registry.terraform.io/hashicorp/aws\"]",
      "instances": [
        {
          "index_key": 0,
          "schema_version": 0,
          "attributes": {
            "access_logs": [
              {
                "bucket": "ql-us-east-2-loadbalancer-logs",
                "enabled": true,
                "prefix": "test-200550-bstest3"
              }
            ],
            "arn": "arn:aws:elasticloadbalancing:us-east-2:259760847234:loadbalancer/app/ecs-test-200550-bstest3/18993b83c76ad106",
            "arn_suffix": "app/ecs-test-200550-bstest3/18993b83c76ad106",
            "dns_name": "ecs-test-200550-bstest3-1252815827.us-east-2.elb.amazonaws.com",
            "drop_invalid_header_fields": false,
            "enable_cross_zone_load_balancing": null,
            "enable_deletion_protection": false,
            "enable_http2": true,
            "id": "arn:aws:elasticloadbalancing:us-east-2:259760847234:loadbalancer/app/ecs-test-200550-bstest3/18993b83c76ad106",
            "idle_timeout": 60,
            "internal": false,
            "ip_address_type": "ipv4",
            "load_balancer_type": "application",
            "name": "ecs-test-200550-bstest3",
            "name_prefix": null,
            "security_groups": [
              "sg-08bb76aac3c6a5f59"
            ],
            "subnet_mapping": [
              {
                "allocation_id": "",
                "subnet_id": "subnet-03dc7fde006535518"
              },
              {
                "allocation_id": "",
                "subnet_id": "subnet-08aab82c4b582fe3e"
              },
              {
                "allocation_id": "",
                "subnet_id": "subnet-09040ac2efded095d"
              }
            ],
            "subnets": [
              "subnet-03dc7fde006535518",
              "subnet-08aab82c4b582fe3e",
              "subnet-09040ac2efded095d"
            ],
            "tags": {
              "app-id": "200550",
              "development-team-email": "kevinthinnes@rockcentraldetroit.com",
              "environment": "test",
              "hal-app-id": "200550",
              "iac": "terraform",
              "infrastructure-engineer-email": "kevinthinnes@rockcentraldetroit.com",
              "infrastructure-team-email": "kevinthinnes@rockcentraldetroit.com",
              "module": "aws-ecs-app-tf"
            },
            "timeouts": null,
            "vpc_id": "vpc-0b20139ab8e425867",
            "zone_id": "Z3AADJGX6KTTL2"
          },
          "private": "eyJlMmJmYjczMC1lY2FhLTExZTYtOGY4OC0zNDM2M2JjN2M0YzAiOnsiY3JlYXRlIjo2MDAwMDAwMDAwMDAsImRlbGV0ZSI6NjAwMDAwMDAwMDAwLCJ1cGRhdGUiOjYwMDAwMDAwMDAwMH19",
          "dependencies": [
            "aws_security_group.load_balancer",
            "data.aws_security_group.security_group"
          ],
          "create_before_destroy": true
        }
      ]
    },
    {
      "mode": "managed",
      "type": "aws_alb_target_group",
      "name": "ecs",
      "provider": "provider[\"registry.terraform.io/hashicorp/aws\"]",
      "instances": [
        {
          "index_key": 0,
          "schema_version": 0,
          "attributes": {
            "arn": "arn:aws:elasticloadbalancing:us-east-2:259760847234:targetgroup/ecs-20210115154813865600000004/d6837767b81bb1c3",
            "arn_suffix": "targetgroup/ecs-20210115154813865600000004/d6837767b81bb1c3",
            "deregistration_delay": 10,
            "health_check": [
              {
                "enabled": true,
                "healthy_threshold": 2,
                "interval": 15,
                "matcher": "200",
                "path": "/healthcheck",
                "port": "traffic-port",
                "protocol": "HTTP",
                "timeout": 5,
                "unhealthy_threshold": 4
              }
            ],
            "id": "arn:aws:elasticloadbalancing:us-east-2:259760847234:targetgroup/ecs-20210115154813865600000004/d6837767b81bb1c3",
            "lambda_multi_value_headers_enabled": false,
            "load_balancing_algorithm_type": "round_robin",
            "name": "ecs-20210115154813865600000004",
            "name_prefix": "ecs-",
            "port": 80,
            "protocol": "HTTP",
            "proxy_protocol_v2": false,
            "slow_start": 30,
            "stickiness": [
              {
                "cookie_duration": 86400,
                "enabled": false,
                "type": "lb_cookie"
              }
            ],
            "tags": {
              "app-id": "200550",
              "development-team-email": "kevinthinnes@rockcentraldetroit.com",
              "environment": "test",
              "hal-app-id": "200550",
              "iac": "terraform",
              "infrastructure-engineer-email": "kevinthinnes@rockcentraldetroit.com",
              "infrastructure-team-email": "kevinthinnes@rockcentraldetroit.com",
              "module": "aws-ecs-app-tf"
            },
            "target_type": "ip",
            "vpc_id": "vpc-0b20139ab8e425867"
          },
          "private": "bnVsbA==",
          "dependencies": [
            "aws_alb.alb_loadbalancer",
            "aws_security_group.load_balancer",
            "data.aws_security_group.security_group"
          ],
          "create_before_destroy": true
        }
      ]
    },
    {
      "mode": "managed",
      "type": "aws_cloudwatch_log_group",
      "name": "default",
      "provider": "provider[\"registry.terraform.io/hashicorp/aws\"]",
      "instances": [
        {
          "schema_version": 0,
          "attributes": {
            "arn": "arn:aws:logs:us-east-2:259760847234:log-group:test-200550-bstest3:*",
            "id": "test-200550-bstest3",
            "kms_key_id": "",
            "name": "test-200550-bstest3",
            "name_prefix": null,
            "retention_in_days": 14,
            "tags": null
          },
          "private": "bnVsbA=="
        }
      ]
    },
    {
      "mode": "managed",
      "type": "aws_cloudwatch_metric_alarm",
      "name": "service_cpu_alarm",
      "provider": "provider[\"registry.terraform.io/hashicorp/aws\"]",
      "instances": [
        {
          "schema_version": 1,
          "attributes": {
            "actions_enabled": true,
            "alarm_actions": null,
            "alarm_description": "This alarm is configured to alert for high average CPU utilization in test-200550-bstest3",
            "alarm_name": "test-200550-bstest3-high-cpu-average",
            "arn": "arn:aws:cloudwatch:us-east-2:259760847234:alarm:test-200550-bstest3-high-cpu-average",
            "comparison_operator": "GreaterThanOrEqualToThreshold",
            "datapoints_to_alarm": 3,
            "dimensions": {
              "ClusterName": "grafana-sandbox-ecs",
              "ServiceName": "test-200550-bstest3"
            },
            "evaluate_low_sample_count_percentiles": "",
            "evaluation_periods": 10,
            "extended_statistic": "",
            "id": "test-200550-bstest3-high-cpu-average",
            "insufficient_data_actions": null,
            "metric_name": "CPUUtilization",
            "metric_query": [],
            "namespace": "AWS/ECS",
            "ok_actions": null,
            "period": 60,
            "statistic": "Average",
            "tags": null,
            "threshold": 80,
            "threshold_metric_id": "",
            "treat_missing_data": "ignore",
            "unit": ""
          },
          "private": "eyJzY2hlbWFfdmVyc2lvbiI6IjEifQ==",
          "dependencies": [
            "aws_sns_topic.development_team",
            "data.aws_caller_identity.current"
          ]
        }
      ]
    },
    {
      "mode": "managed",
      "type": "aws_ecr_lifecycle_policy",
      "name": "ecr_lifecycle",
      "provider": "provider[\"registry.terraform.io/hashicorp/aws\"]",
      "instances": [
        {
          "schema_version": 0,
          "attributes": {
            "id": "test-200550-bstest3",
            "policy": "{\"rules\":[{\"rulePriority\":1,\"description\":\"Expire images more than 60 versions old\",\"selection\":{\"tagStatus\":\"any\",\"countType\":\"imageCountMoreThan\",\"countNumber\":60},\"action\":{\"type\":\"expire\"}}]}",
            "registry_id": "259760847234",
            "repository": "test-200550-bstest3"
          },
          "private": "bnVsbA==",
          "dependencies": [
            "aws_ecr_repository.create_ecr_repo"
          ]
        }
      ]
    },
    {
      "mode": "managed",
      "type": "aws_ecr_repository",
      "name": "create_ecr_repo",
      "provider": "provider[\"registry.terraform.io/hashicorp/aws\"]",
      "instances": [
        {
          "schema_version": 0,
          "attributes": {
            "arn": "arn:aws:ecr:us-east-2:259760847234:repository/test-200550-bstest3",
            "id": "test-200550-bstest3",
            "image_scanning_configuration": [
              {
                "scan_on_push": true
              }
            ],
            "image_tag_mutability": "MUTABLE",
            "name": "test-200550-bstest3",
            "registry_id": "259760847234",
            "repository_url": "259760847234.dkr.ecr.us-east-2.amazonaws.com/test-200550-bstest3",
            "tags": null,
            "timeouts": null
          },
          "private": "eyJlMmJmYjczMC1lY2FhLTExZTYtOGY4OC0zNDM2M2JjN2M0YzAiOnsiZGVsZXRlIjoxMjAwMDAwMDAwMDAwfX0="
        }
      ]
    },
    {
      "mode": "managed",
      "type": "aws_ecs_service",
      "name": "default",
      "provider": "provider[\"registry.terraform.io/hashicorp/aws\"]",
      "instances": [
        {
          "schema_version": 0,
          "attributes": {
            "capacity_provider_strategy": [],
            "cluster": "arn:aws:ecs:us-east-2:259760847234:cluster/grafana-sandbox-ecs",
            "deployment_controller": [
              {
                "type": "ECS"
              }
            ],
            "deployment_maximum_percent": 200,
            "deployment_minimum_healthy_percent": 100,
            "desired_count": 1,
            "enable_ecs_managed_tags": false,
            "force_new_deployment": null,
            "health_check_grace_period_seconds": 0,
            "iam_role": "aws-service-role",
            "id": "arn:aws:ecs:us-east-2:259760847234:service/grafana-sandbox-ecs/test-200550-bstest3",
            "launch_type": "FARGATE",
            "load_balancer": [
              {
                "container_name": "test-200550-bstest3",
                "container_port": 80,
                "elb_name": "",
                "target_group_arn": "arn:aws:elasticloadbalancing:us-east-2:259760847234:targetgroup/ecs-20210115154813865600000004/d6837767b81bb1c3"
              }
            ],
            "name": "test-200550-bstest3",
            "network_configuration": [
              {
                "assign_public_ip": false,
                "security_groups": [
                  "sg-029ae6af328b20d45"
                ],
                "subnets": [
                  "subnet-09bf74d8417d8a508",
                  "subnet-0b12df0a0721b2f31",
                  "subnet-0b20669213a96052c"
                ]
              }
            ],
            "ordered_placement_strategy": [],
            "placement_constraints": [],
            "placement_strategy": [],
            "platform_version": "LATEST",
            "propagate_tags": "NONE",
            "scheduling_strategy": "REPLICA",
            "service_registries": [],
            "tags": null,
            "task_definition": "arn:aws:ecs:us-east-2:259760847234:task-definition/test-200550-bstest3:1",
            "timeouts": null
          },
          "private": "eyJlMmJmYjczMC1lY2FhLTExZTYtOGY4OC0zNDM2M2JjN2M0YzAiOnsiZGVsZXRlIjoxMjAwMDAwMDAwMDAwfX0=",
          "dependencies": [
            "aws_alb.alb_loadbalancer",
            "aws_alb_target_group.ecs",
            "aws_cloudwatch_log_group.default",
            "aws_ecr_repository.create_ecr_repo",
            "aws_ecs_cluster.ecs_fargate",
            "aws_ecs_task_definition.task",
            "aws_ecs_task_definition.task_windows",
            "aws_iam_role.ecs_task",
            "aws_iam_role.ecs_task_execution",
            "aws_security_group.default_eni",
            "aws_security_group.load_balancer",
            "data.aws_caller_identity.current",
            "data.aws_ecs_cluster.chosen",
            "data.aws_iam_policy_document.ecs_task",
            "data.aws_security_group.security_group",
            "data.template_file.custom"
          ]
        }
      ]
    },
    {
      "mode": "managed",
      "type": "aws_ecs_task_definition",
      "name": "task",
      "provider": "provider[\"registry.terraform.io/hashicorp/aws\"]",
      "instances": [
        {
          "index_key": 0,
          "schema_version": 1,
          "attributes": {
            "arn": "arn:aws:ecs:us-east-2:259760847234:task-definition/test-200550-bstest3:1",
            "container_definitions": "[{\"cpu\":128,\"environment\":[],\"essential\":true,\"image\":\"jbilliau/ql-docker-build:latest\",\"logConfiguration\":{\"logDriver\":\"awslogs\",\"options\":{\"awslogs-group\":\"test-200550-bstest3\",\"awslogs-region\":\"us-east-2\",\"awslogs-stream-prefix\":\"ecslogs\"}},\"memoryReservation\":256,\"mountPoints\":[],\"name\":\"test-200550-bstest3\",\"portMappings\":[{\"containerPort\":80,\"hostPort\":80,\"protocol\":\"tcp\"}],\"volumesFrom\":[]}]",
            "cpu": "512",
            "execution_role_arn": "arn:aws:iam::259760847234:role/QL/ECS/role-test-200550-bstest3-taskexecution-us-east-2",
            "family": "test-200550-bstest3",
            "id": "test-200550-bstest3",
            "inference_accelerator": [],
            "ipc_mode": "",
            "memory": "1024",
            "network_mode": "awsvpc",
            "pid_mode": "",
            "placement_constraints": [],
            "proxy_configuration": [],
            "requires_compatibilities": [
              "FARGATE"
            ],
            "revision": 1,
            "tags": null,
            "task_role_arn": "arn:aws:iam::259760847234:role/QL/ECS/role-test-200550-bstest3-us-east-2",
            "volume": []
          },
          "private": "eyJzY2hlbWFfdmVyc2lvbiI6IjEifQ==",
          "dependencies": [
            "aws_cloudwatch_log_group.default",
            "aws_ecr_repository.create_ecr_repo",
            "aws_iam_role.ecs_task",
            "aws_iam_role.ecs_task_execution",
            "data.aws_iam_policy_document.ecs_task",
            "data.template_file.custom"
          ]
        }
      ]
    },
    {
      "mode": "managed",
      "type": "aws_iam_role",
      "name": "ecs_task",
      "provider": "provider[\"registry.terraform.io/hashicorp/aws\"]",
      "instances": [
        {
          "schema_version": 0,
          "attributes": {
            "arn": "arn:aws:iam::259760847234:role/QL/ECS/role-test-200550-bstest3-us-east-2",
            "assume_role_policy": "{\"Version\":\"2012-10-17\",\"Statement\":[{\"Sid\":\"\",\"Effect\":\"Allow\",\"Principal\":{\"Service\":\"ecs-tasks.amazonaws.com\"},\"Action\":\"sts:AssumeRole\"}]}",
            "create_date": "2021-01-15T15:46:11Z",
            "description": "",
            "force_detach_policies": false,
            "id": "role-test-200550-bstest3-us-east-2",
            "max_session_duration": 3600,
            "name": "role-test-200550-bstest3-us-east-2",
            "name_prefix": null,
            "path": "/QL/ECS/",
            "permissions_boundary": null,
            "tags": {
              "app-id": "200550",
              "development-team-email": "kevinthinnes@rockcentraldetroit.com",
              "environment": "test",
              "hal-app-id": "200550",
              "iac": "terraform",
              "infrastructure-engineer-email": "kevinthinnes@rockcentraldetroit.com",
              "infrastructure-team-email": "kevinthinnes@rockcentraldetroit.com",
              "module": "aws-ecs-app-tf"
            },
            "unique_id": "AROATY6XT7GBNBCPNOO4C"
          },
          "private": "bnVsbA==",
          "dependencies": [
            "data.aws_iam_policy_document.ecs_task"
          ]
        }
      ]
    },
    {
      "mode": "managed",
      "type": "aws_iam_role",
      "name": "ecs_task_execution",
      "provider": "provider[\"registry.terraform.io/hashicorp/aws\"]",
      "instances": [
        {
          "schema_version": 0,
          "attributes": {
            "arn": "arn:aws:iam::259760847234:role/QL/ECS/role-test-200550-bstest3-taskexecution-us-east-2",
            "assume_role_policy": "{\"Version\":\"2012-10-17\",\"Statement\":[{\"Sid\":\"\",\"Effect\":\"Allow\",\"Principal\":{\"Service\":\"ecs-tasks.amazonaws.com\"},\"Action\":\"sts:AssumeRole\"}]}",
            "create_date": "2021-01-15T15:46:11Z",
            "description": "",
            "force_detach_policies": false,
            "id": "role-test-200550-bstest3-taskexecution-us-east-2",
            "max_session_duration": 3600,
            "name": "role-test-200550-bstest3-taskexecution-us-east-2",
            "name_prefix": null,
            "path": "/QL/ECS/",
            "permissions_boundary": null,
            "tags": {
              "app-id": "200550",
              "development-team-email": "kevinthinnes@rockcentraldetroit.com",
              "environment": "test",
              "hal-app-id": "200550",
              "iac": "terraform",
              "infrastructure-engineer-email": "kevinthinnes@rockcentraldetroit.com",
              "infrastructure-team-email": "kevinthinnes@rockcentraldetroit.com",
              "module": "aws-ecs-app-tf"
            },
            "unique_id": "AROATY6XT7GBA6LOJUHZ4"
          },
          "private": "bnVsbA==",
          "dependencies": [
            "data.aws_iam_policy_document.ecs_task"
          ]
        }
      ]
    },
    {
      "mode": "managed",
      "type": "aws_iam_role_policy",
      "name": "ssm_policy",
      "provider": "provider[\"registry.terraform.io/hashicorp/aws\"]",
      "instances": [
        {
          "index_key": 0,
          "schema_version": 0,
          "attributes": {
            "id": "role-test-200550-bstest3-us-east-2:read-access-to-ssm",
            "name": "read-access-to-ssm",
            "name_prefix": null,
            "policy": "{\n  \"Version\": \"2012-10-17\",\n  \"Statement\": [\n    {\n      \"Sid\": \"\",\n      \"Effect\": \"Allow\",\n      \"Action\": \"ssm:GetParameter*\",\n      \"Resource\": \"arn:aws:ssm:us-east-2:259760847234:parameter/kraken/test-aws/200550/*\"\n    },\n    {\n      \"Sid\": \"\",\n      \"Effect\": \"Allow\",\n      \"Action\": \"kms:Decrypt\",\n      \"Resource\": [\n        \"arn:aws:kms:us-east-2:259760847234:key/alias/aws/ssm\",\n        \"arn:aws:kms:us-east-2:259760847234:key/05f576d9-afc3-41d3-bd5f-27bd827eacef\"\n      ]\n    },\n    {\n      \"Sid\": \"\",\n      \"Effect\": \"Allow\",\n      \"Action\": [\n        \"kms:ListKeys\",\n        \"kms:DescribeCustomKeyStores\"\n      ],\n      \"Resource\": \"*\"\n    }\n  ]\n}",
            "role": "role-test-200550-bstest3-us-east-2"
          },
          "private": "bnVsbA==",
          "dependencies": [
            "aws_iam_role.ecs_task",
            "data.aws_iam_policy_document.ecs_task",
            "data.aws_iam_policy_document.ssm_policy"
          ]
        }
      ]
    },
    {
      "mode": "managed",
      "type": "aws_iam_role_policy",
      "name": "task_execution_cloudwatch_policy",
      "provider": "provider[\"registry.terraform.io/hashicorp/aws\"]",
      "instances": [
        {
          "schema_version": 0,
          "attributes": {
            "id": "role-test-200550-bstest3-taskexecution-us-east-2:cloudwatch-logs",
            "name": "cloudwatch-logs",
            "name_prefix": null,
            "policy": "{\n  \"Version\": \"2012-10-17\",\n  \"Statement\": [\n    {\n      \"Sid\": \"\",\n      \"Effect\": \"Allow\",\n      \"Action\": [\n        \"logs:PutLogEvents\",\n        \"logs:CreateLogStream\"\n      ],\n      \"Resource\": \"arn:aws:logs:us-east-2:259760847234:log-group:test-200550-bstest3:*\"\n    }\n  ]\n}",
            "role": "role-test-200550-bstest3-taskexecution-us-east-2"
          },
          "private": "bnVsbA==",
          "dependencies": [
            "aws_cloudwatch_log_group.default",
            "aws_iam_role.ecs_task_execution",
            "data.aws_iam_policy_document.ecs_task",
            "data.aws_iam_policy_document.task_execution_cloudwatch_policy"
          ]
        }
      ]
    },
    {
      "mode": "managed",
      "type": "aws_iam_role_policy",
      "name": "task_execution_ssm_policy",
      "provider": "provider[\"registry.terraform.io/hashicorp/aws\"]",
      "instances": [
        {
          "index_key": 0,
          "schema_version": 0,
          "attributes": {
            "id": "role-test-200550-bstest3-taskexecution-us-east-2:read-access-to-ssm",
            "name": "read-access-to-ssm",
            "name_prefix": null,
            "policy": "{\n  \"Version\": \"2012-10-17\",\n  \"Statement\": [\n    {\n      \"Sid\": \"\",\n      \"Effect\": \"Allow\",\n      \"Action\": \"ssm:GetParameter*\",\n      \"Resource\": \"arn:aws:ssm:us-east-2:259760847234:parameter/kraken/test-aws/200550/*\"\n    },\n    {\n      \"Sid\": \"\",\n      \"Effect\": \"Allow\",\n      \"Action\": \"kms:Decrypt\",\n      \"Resource\": [\n        \"arn:aws:kms:us-east-2:259760847234:key/alias/aws/ssm\",\n        \"arn:aws:kms:us-east-2:259760847234:key/05f576d9-afc3-41d3-bd5f-27bd827eacef\"\n      ]\n    },\n    {\n      \"Sid\": \"\",\n      \"Effect\": \"Allow\",\n      \"Action\": [\n        \"kms:ListKeys\",\n        \"kms:DescribeCustomKeyStores\"\n      ],\n      \"Resource\": \"*\"\n    }\n  ]\n}",
            "role": "role-test-200550-bstest3-taskexecution-us-east-2"
          },
          "private": "bnVsbA==",
          "dependencies": [
            "aws_iam_role.ecs_task_execution",
            "data.aws_iam_policy_document.ecs_task",
            "data.aws_iam_policy_document.task_execution_ssm_policy"
          ]
        }
      ]
    },
    {
      "mode": "managed",
      "type": "aws_iam_role_policy_attachment",
      "name": "ecs-AmazonEC2ContainerRegistryReadOnly-role-policy-attach",
      "provider": "provider[\"registry.terraform.io/hashicorp/aws\"]",
      "instances": [
        {
          "schema_version": 0,
          "attributes": {
            "id": "role-test-200550-bstest3-taskexecution-us-east-2-20210115154611760200000003",
            "policy_arn": "arn:aws:iam::aws:policy/AmazonEC2ContainerRegistryReadOnly",
            "role": "role-test-200550-bstest3-taskexecution-us-east-2"
          },
          "private": "bnVsbA==",
          "dependencies": [
            "aws_iam_role.ecs_task_execution",
            "data.aws_iam_policy.AmazonEC2ContainerRegistryReadOnly",
            "data.aws_iam_policy_document.ecs_task"
          ]
        }
      ]
    },
    {
      "mode": "managed",
      "type": "aws_lb_listener",
      "name": "alb_listener_443",
      "provider": "provider[\"registry.terraform.io/hashicorp/aws\"]",
      "instances": [
        {
          "index_key": 0,
          "schema_version": 0,
          "attributes": {
            "arn": "arn:aws:elasticloadbalancing:us-east-2:259760847234:listener/app/ecs-test-200550-bstest3/18993b83c76ad106/ab4fc3248b9e3cec",
            "certificate_arn": "arn:aws:acm:us-east-2:259760847234:certificate/ca5f2a9d-f452-4cc1-80d7-333ee25bf80f",
            "default_action": [
              {
                "authenticate_cognito": [],
                "authenticate_oidc": [],
                "fixed_response": [],
                "forward": [],
                "order": 1,
                "redirect": [],
                "target_group_arn": "arn:aws:elasticloadbalancing:us-east-2:259760847234:targetgroup/ecs-20210115154813865600000004/d6837767b81bb1c3",
                "type": "forward"
              }
            ],
            "id": "arn:aws:elasticloadbalancing:us-east-2:259760847234:listener/app/ecs-test-200550-bstest3/18993b83c76ad106/ab4fc3248b9e3cec",
            "load_balancer_arn": "arn:aws:elasticloadbalancing:us-east-2:259760847234:loadbalancer/app/ecs-test-200550-bstest3/18993b83c76ad106",
            "port": 443,
            "protocol": "HTTPS",
            "ssl_policy": "ELBSecurityPolicy-2016-08",
            "timeouts": null
          },
          "private": "eyJlMmJmYjczMC1lY2FhLTExZTYtOGY4OC0zNDM2M2JjN2M0YzAiOnsicmVhZCI6NjAwMDAwMDAwMDAwfX0=",
          "dependencies": [
            "aws_alb.alb_loadbalancer",
            "aws_alb_target_group.ecs",
            "aws_security_group.load_balancer",
            "data.aws_security_group.security_group"
          ]
        }
      ]
    },
    {
      "mode": "managed",
      "type": "aws_lb_listener",
      "name": "alb_listener_redirect",
      "provider": "provider[\"registry.terraform.io/hashicorp/aws\"]",
      "instances": [
        {
          "index_key": 0,
          "schema_version": 0,
          "attributes": {
            "arn": "arn:aws:elasticloadbalancing:us-east-2:259760847234:listener/app/ecs-test-200550-bstest3/18993b83c76ad106/73678c2fe22016ea",
            "certificate_arn": null,
            "default_action": [
              {
                "authenticate_cognito": [],
                "authenticate_oidc": [],
                "fixed_response": [],
                "forward": [],
                "order": 1,
                "redirect": [
                  {
                    "host": "#{host}",
                    "path": "/#{path}",
                    "port": "443",
                    "protocol": "HTTPS",
                    "query": "#{query}",
                    "status_code": "HTTP_301"
                  }
                ],
                "target_group_arn": "",
                "type": "redirect"
              }
            ],
            "id": "arn:aws:elasticloadbalancing:us-east-2:259760847234:listener/app/ecs-test-200550-bstest3/18993b83c76ad106/73678c2fe22016ea",
            "load_balancer_arn": "arn:aws:elasticloadbalancing:us-east-2:259760847234:loadbalancer/app/ecs-test-200550-bstest3/18993b83c76ad106",
            "port": 80,
            "protocol": "HTTP",
            "ssl_policy": "",
            "timeouts": null
          },
          "private": "eyJlMmJmYjczMC1lY2FhLTExZTYtOGY4OC0zNDM2M2JjN2M0YzAiOnsicmVhZCI6NjAwMDAwMDAwMDAwfX0=",
          "dependencies": [
            "aws_alb.alb_loadbalancer",
            "aws_security_group.load_balancer",
            "data.aws_security_group.security_group"
          ]
        }
      ]
    },
    {
      "mode": "managed",
      "type": "aws_security_group",
      "name": "default_eni",
      "provider": "provider[\"registry.terraform.io/hashicorp/aws\"]",
      "instances": [
        {
          "index_key": 0,
          "schema_version": 1,
          "attributes": {
            "arn": "arn:aws:ec2:us-east-2:259760847234:security-group/sg-029ae6af328b20d45",
            "description": "For ECS containers for application test-200550-bstest3.",
            "egress": [],
            "id": "sg-029ae6af328b20d45",
            "ingress": [],
            "name": "eni-ecs-test-200550-bstest320210115154611405000000001",
            "name_prefix": "eni-ecs-test-200550-bstest3",
            "owner_id": "259760847234",
            "revoke_rules_on_delete": false,
            "tags": {
              "Name": "bstest3",
              "app-id": "200550",
              "development-team-email": "kevinthinnes@rockcentraldetroit.com",
              "environment": "test",
              "hal-app-id": "200550",
              "iac": "terraform",
              "infrastructure-engineer-email": "kevinthinnes@rockcentraldetroit.com",
              "infrastructure-team-email": "kevinthinnes@rockcentraldetroit.com",
              "module": "aws-ecs-app-tf"
            },
            "timeouts": null,
            "vpc_id": "vpc-0b20139ab8e425867"
          },
          "private": "eyJlMmJmYjczMC1lY2FhLTExZTYtOGY4OC0zNDM2M2JjN2M0YzAiOnsiY3JlYXRlIjo2MDAwMDAwMDAwMDAsImRlbGV0ZSI6NjAwMDAwMDAwMDAwfSwic2NoZW1hX3ZlcnNpb24iOiIxIn0=",
          "create_before_destroy": true
        }
      ]
    },
    {
      "mode": "managed",
      "type": "aws_security_group",
      "name": "load_balancer",
      "provider": "provider[\"registry.terraform.io/hashicorp/aws\"]",
      "instances": [
        {
          "index_key": 0,
          "schema_version": 1,
          "attributes": {
            "arn": "arn:aws:ec2:us-east-2:259760847234:security-group/sg-08bb76aac3c6a5f59",
            "description": "Managed by Terraform",
            "egress": [
              {
                "cidr_blocks": [
                  "0.0.0.0/0"
                ],
                "description": "",
                "from_port": 0,
                "ipv6_cidr_blocks": [],
                "prefix_list_ids": [],
                "protocol": "-1",
                "security_groups": [],
                "self": false,
                "to_port": 0
              }
            ],
            "id": "sg-08bb76aac3c6a5f59",
            "ingress": [],
            "name": "alb-ecs-test-200550-bstest320210115154611417900000002",
            "name_prefix": "alb-ecs-test-200550-bstest3",
            "owner_id": "259760847234",
            "revoke_rules_on_delete": false,
            "tags": {
              "Name": "bstest3",
              "app-id": "200550",
              "development-team-email": "kevinthinnes@rockcentraldetroit.com",
              "environment": "test",
              "hal-app-id": "200550",
              "iac": "terraform",
              "infrastructure-engineer-email": "kevinthinnes@rockcentraldetroit.com",
              "infrastructure-team-email": "kevinthinnes@rockcentraldetroit.com",
              "module": "aws-ecs-app-tf"
            },
            "timeouts": null,
            "vpc_id": "vpc-0b20139ab8e425867"
          },
          "private": "eyJlMmJmYjczMC1lY2FhLTExZTYtOGY4OC0zNDM2M2JjN2M0YzAiOnsiY3JlYXRlIjo2MDAwMDAwMDAwMDAsImRlbGV0ZSI6NjAwMDAwMDAwMDAwfSwic2NoZW1hX3ZlcnNpb24iOiIxIn0=",
          "create_before_destroy": true
        }
      ]
    },
    {
      "mode": "managed",
      "type": "aws_security_group_rule",
      "name": "allow_connections_from_cidr_blocks_1",
      "provider": "provider[\"registry.terraform.io/hashicorp/aws\"]",
      "instances": [
        {
          "index_key": 0,
          "schema_version": 2,
          "attributes": {
            "cidr_blocks": [
              "12.165.188.0/24",
              "162.252.136.0/21"
            ],
            "description": null,
            "from_port": 80,
            "id": "sgrule-1671598436",
            "ipv6_cidr_blocks": null,
            "prefix_list_ids": null,
            "protocol": "tcp",
            "security_group_id": "sg-08bb76aac3c6a5f59",
            "self": false,
            "source_security_group_id": null,
            "to_port": 80,
            "type": "ingress"
          },
          "private": "eyJzY2hlbWFfdmVyc2lvbiI6IjIifQ==",
          "dependencies": [
            "aws_security_group.load_balancer"
          ]
        }
      ]
    },
    {
      "mode": "managed",
      "type": "aws_security_group_rule",
      "name": "allow_connections_from_cidr_blocks_2",
      "provider": "provider[\"registry.terraform.io/hashicorp/aws\"]",
      "instances": [
        {
          "index_key": 0,
          "schema_version": 2,
          "attributes": {
            "cidr_blocks": [
              "12.165.188.0/24",
              "162.252.136.0/21"
            ],
            "description": null,
            "from_port": 443,
            "id": "sgrule-8234016",
            "ipv6_cidr_blocks": null,
            "prefix_list_ids": null,
            "protocol": "tcp",
            "security_group_id": "sg-08bb76aac3c6a5f59",
            "self": false,
            "source_security_group_id": null,
            "to_port": 443,
            "type": "ingress"
          },
          "private": "eyJzY2hlbWFfdmVyc2lvbiI6IjIifQ==",
          "dependencies": [
            "aws_security_group.load_balancer"
          ]
        }
      ]
    },
    {
      "mode": "managed",
      "type": "aws_security_group_rule",
      "name": "allow_connections_from_cidr_blocks_3",
      "provider": "provider[\"registry.terraform.io/hashicorp/aws\"]",
      "instances": [
        {
          "index_key": 0,
          "schema_version": 2,
          "attributes": {
            "cidr_blocks": [
              "12.165.188.0/24",
              "162.252.136.0/21"
            ],
            "description": null,
            "from_port": 8443,
            "id": "sgrule-1116772508",
            "ipv6_cidr_blocks": null,
            "prefix_list_ids": null,
            "protocol": "tcp",
            "security_group_id": "sg-08bb76aac3c6a5f59",
            "self": false,
            "source_security_group_id": null,
            "to_port": 8443,
            "type": "ingress"
          },
          "private": "eyJzY2hlbWFfdmVyc2lvbiI6IjIifQ==",
          "dependencies": [
            "aws_security_group.load_balancer"
          ]
        }
      ]
    },
    {
      "mode": "managed",
      "type": "aws_security_group_rule",
      "name": "allow_connections_from_cidr_blocks_4",
      "provider": "provider[\"registry.terraform.io/hashicorp/aws\"]",
      "instances": [
        {
          "index_key": 0,
          "schema_version": 2,
          "attributes": {
            "cidr_blocks": [
              "12.165.188.0/24",
              "162.252.136.0/21"
            ],
            "description": null,
            "from_port": 81,
            "id": "sgrule-2397733872",
            "ipv6_cidr_blocks": null,
            "prefix_list_ids": null,
            "protocol": "tcp",
            "security_group_id": "sg-08bb76aac3c6a5f59",
            "self": false,
            "source_security_group_id": null,
            "to_port": 81,
            "type": "ingress"
          },
          "private": "eyJzY2hlbWFfdmVyc2lvbiI6IjIifQ==",
          "dependencies": [
            "aws_security_group.load_balancer"
          ]
        }
      ]
    },
    {
      "mode": "managed",
      "type": "aws_security_group_rule",
      "name": "ec2_allow_ingress_from_alb",
      "provider": "provider[\"registry.terraform.io/hashicorp/aws\"]",
      "instances": [
        {
          "index_key": 0,
          "schema_version": 2,
          "attributes": {
            "cidr_blocks": null,
            "description": null,
            "from_port": 0,
            "id": "sgrule-1288287689",
            "ipv6_cidr_blocks": null,
            "prefix_list_ids": null,
            "protocol": "-1",
            "security_group_id": "sg-029ae6af328b20d45",
            "self": false,
            "source_security_group_id": "sg-08bb76aac3c6a5f59",
            "to_port": 0,
            "type": "ingress"
          },
          "private": "eyJzY2hlbWFfdmVyc2lvbiI6IjIifQ==",
          "dependencies": [
            "aws_security_group.default_eni",
            "aws_security_group.load_balancer"
          ]
        }
      ]
    },
    {
      "mode": "managed",
      "type": "aws_security_group_rule",
      "name": "ec2_allow_outbound_all",
      "provider": "provider[\"registry.terraform.io/hashicorp/aws\"]",
      "instances": [
        {
          "index_key": 0,
          "schema_version": 2,
          "attributes": {
            "cidr_blocks": [
              "0.0.0.0/0"
            ],
            "description": null,
            "from_port": 0,
            "id": "sgrule-451988869",
            "ipv6_cidr_blocks": null,
            "prefix_list_ids": null,
            "protocol": "-1",
            "security_group_id": "sg-029ae6af328b20d45",
            "self": false,
            "source_security_group_id": null,
            "to_port": 0,
            "type": "egress"
          },
          "private": "eyJzY2hlbWFfdmVyc2lvbiI6IjIifQ==",
          "dependencies": [
            "aws_security_group.default_eni"
          ]
        }
      ]
    }
  ]
}
