{
  "version": 4,
  "terraform_version": "0.13.5",
  "serial": 2,
  "lineage": "e88a7a05-1a87-9592-452b-52555cd9b395",
  "outputs": {
    "route53_record_fqdn": {
      "value": "200550-backstage-poc.sandbox.squigglelines.com",
      "type": "string"
    },
    "route53_record_name": {
      "value": "200550-backstage-poc.sandbox.squigglelines.com",
      "type": "string"
    }
  },
  "resources": [
    {
      "mode": "managed",
      "type": "aws_route53_record",
      "name": "record",
      "provider": "provider[\"registry.terraform.io/hashicorp/aws\"]",
      "instances": [
        {
          "schema_version": 2,
          "attributes": {
            "alias": [],
            "allow_overwrite": true,
            "failover_routing_policy": [],
            "fqdn": "200550-backstage-poc.sandbox.squigglelines.com",
            "geolocation_routing_policy": [],
            "health_check_id": null,
            "id": "Z3FWRREHSOU50P_200550-backstage-poc.sandbox.squigglelines.com_CNAME",
            "latency_routing_policy": [],
            "multivalue_answer_routing_policy": null,
            "name": "200550-backstage-poc.sandbox.squigglelines.com",
            "records": [
              "ecs-test-200550-bstest3-1252815827.us-east-2.elb.amazonaws.com"
            ],
            "set_identifier": null,
            "ttl": 300,
            "type": "CNAME",
            "weighted_routing_policy": [],
            "zone_id": "Z3FWRREHSOU50P"
          },
          "private": "eyJzY2hlbWFfdmVyc2lvbiI6IjIifQ=="
        }
      ]
    }
  ]
}
